// !$*UTF8*$!
{
	archiveVersion = 1;
	classes = {
	};
	objectVersion = 50;
	objects = {

/* Begin PBXBuildFile section */
		180D9A7B22BD4E440061B8D2 /* AppDelegate.swift in Sources */ = {isa = PBXBuildFile; fileRef = 180D9A7A22BD4E440061B8D2 /* AppDelegate.swift */; };
		180D9A8022BD4E440061B8D2 /* Main.storyboard in Resources */ = {isa = PBXBuildFile; fileRef = 180D9A7E22BD4E440061B8D2 /* Main.storyboard */; };
		180D9A8322BD4E440061B8D2 /* ToDoListProject.xcdatamodeld in Sources */ = {isa = PBXBuildFile; fileRef = 180D9A8122BD4E440061B8D2 /* ToDoListProject.xcdatamodeld */; };
		180D9A8522BD4E450061B8D2 /* Assets.xcassets in Resources */ = {isa = PBXBuildFile; fileRef = 180D9A8422BD4E450061B8D2 /* Assets.xcassets */; };
		180D9A8822BD4E450061B8D2 /* LaunchScreen.storyboard in Resources */ = {isa = PBXBuildFile; fileRef = 180D9A8622BD4E450061B8D2 /* LaunchScreen.storyboard */; };
		180D9A9322BD4E450061B8D2 /* ToDoListProjectTests.swift in Sources */ = {isa = PBXBuildFile; fileRef = 180D9A9222BD4E450061B8D2 /* ToDoListProjectTests.swift */; };
		180D9A9E22BD4E450061B8D2 /* ToDoListProjectUITests.swift in Sources */ = {isa = PBXBuildFile; fileRef = 180D9A9D22BD4E450061B8D2 /* ToDoListProjectUITests.swift */; };
		180D9AAE22BD52770061B8D2 /* TableViewController.swift in Sources */ = {isa = PBXBuildFile; fileRef = 180D9AAD22BD52770061B8D2 /* TableViewController.swift */; };
		180D9AB022BD53110061B8D2 /* ToDo.swift in Sources */ = {isa = PBXBuildFile; fileRef = 180D9AAF22BD53110061B8D2 /* ToDo.swift */; };
/* End PBXBuildFile section */

/* Begin PBXContainerItemProxy section */
		180D9A8F22BD4E450061B8D2 /* PBXContainerItemProxy */ = {
			isa = PBXContainerItemProxy;
			containerPortal = 180D9A6F22BD4E440061B8D2 /* Project object */;
			proxyType = 1;
			remoteGlobalIDString = 180D9A7622BD4E440061B8D2;
			remoteInfo = ToDoListProject;
		};
		180D9A9A22BD4E450061B8D2 /* PBXContainerItemProxy */ = {
			isa = PBXContainerItemProxy;
			containerPortal = 180D9A6F22BD4E440061B8D2 /* Project object */;
			proxyType = 1;
			remoteGlobalIDString = 180D9A7622BD4E440061B8D2;
			remoteInfo = ToDoListProject;
		};
/* End PBXContainerItemProxy section */

/* Begin PBXFileReference section */
		180D9A7722BD4E440061B8D2 /* ToDoListProject.app */ = {isa = PBXFileReference; explicitFileType = wrapper.application; includeInIndex = 0; path = ToDoListProject.app; sourceTree = BUILT_PRODUCTS_DIR; };
		180D9A7A22BD4E440061B8D2 /* AppDelegate.swift */ = {isa = PBXFileReference; lastKnownFileType = sourcecode.swift; path = AppDelegate.swift; sourceTree = "<group>"; };
		180D9A7F22BD4E440061B8D2 /* Base */ = {isa = PBXFileReference; lastKnownFileType = file.storyboard; name = Base; path = Base.lproj/Main.storyboard; sourceTree = "<group>"; };
		180D9A8222BD4E440061B8D2 /* ToDoListProject.xcdatamodel */ = {isa = PBXFileReference; lastKnownFileType = wrapper.xcdatamodel; path = ToDoListProject.xcdatamodel; sourceTree = "<group>"; };
		180D9A8422BD4E450061B8D2 /* Assets.xcassets */ = {isa = PBXFileReference; lastKnownFileType = folder.assetcatalog; path = Assets.xcassets; sourceTree = "<group>"; };
		180D9A8722BD4E450061B8D2 /* Base */ = {isa = PBXFileReference; lastKnownFileType = file.storyboard; name = Base; path = Base.lproj/LaunchScreen.storyboard; sourceTree = "<group>"; };
		180D9A8922BD4E450061B8D2 /* Info.plist */ = {isa = PBXFileReference; lastKnownFileType = text.plist.xml; path = Info.plist; sourceTree = "<group>"; };
		180D9A8E22BD4E450061B8D2 /* ToDoListProjectTests.xctest */ = {isa = PBXFileReference; explicitFileType = wrapper.cfbundle; includeInIndex = 0; path = ToDoListProjectTests.xctest; sourceTree = BUILT_PRODUCTS_DIR; };
		180D9A9222BD4E450061B8D2 /* ToDoListProjectTests.swift */ = {isa = PBXFileReference; lastKnownFileType = sourcecode.swift; path = ToDoListProjectTests.swift; sourceTree = "<group>"; };
		180D9A9422BD4E450061B8D2 /* Info.plist */ = {isa = PBXFileReference; lastKnownFileType = text.plist.xml; path = Info.plist; sourceTree = "<group>"; };
		180D9A9922BD4E450061B8D2 /* ToDoListProjectUITests.xctest */ = {isa = PBXFileReference; explicitFileType = wrapper.cfbundle; includeInIndex = 0; path = ToDoListProjectUITests.xctest; sourceTree = BUILT_PRODUCTS_DIR; };
		180D9A9D22BD4E450061B8D2 /* ToDoListProjectUITests.swift */ = {isa = PBXFileReference; lastKnownFileType = sourcecode.swift; path = ToDoListProjectUITests.swift; sourceTree = "<group>"; };
		180D9A9F22BD4E450061B8D2 /* Info.plist */ = {isa = PBXFileReference; lastKnownFileType = text.plist.xml; path = Info.plist; sourceTree = "<group>"; };
		180D9AAD22BD52770061B8D2 /* TableViewController.swift */ = {isa = PBXFileReference; lastKnownFileType = sourcecode.swift; path = TableViewController.swift; sourceTree = "<group>"; };
		180D9AAF22BD53110061B8D2 /* ToDo.swift */ = {isa = PBXFileReference; lastKnownFileType = sourcecode.swift; path = ToDo.swift; sourceTree = "<group>"; };
/* End PBXFileReference section */

/* Begin PBXFrameworksBuildPhase section */
		180D9A7422BD4E440061B8D2 /* Frameworks */ = {
			isa = PBXFrameworksBuildPhase;
			buildActionMask = 2147483647;
			files = (
			);
			runOnlyForDeploymentPostprocessing = 0;
		};
		180D9A8B22BD4E450061B8D2 /* Frameworks */ = {
			isa = PBXFrameworksBuildPhase;
			buildActionMask = 2147483647;
			files = (
			);
			runOnlyForDeploymentPostprocessing = 0;
		};
		180D9A9622BD4E450061B8D2 /* Frameworks */ = {
			isa = PBXFrameworksBuildPhase;
			buildActionMask = 2147483647;
			files = (
			);
			runOnlyForDeploymentPostprocessing = 0;
		};
/* End PBXFrameworksBuildPhase section */

/* Begin PBXGroup section */
		180D9A6E22BD4E440061B8D2 = {
			isa = PBXGroup;
			children = (
				180D9AAF22BD53110061B8D2 /* ToDo.swift */,
				180D9AAD22BD52770061B8D2 /* TableViewController.swift */,
				180D9A7922BD4E440061B8D2 /* ToDoListProject */,
				180D9A9122BD4E450061B8D2 /* ToDoListProjectTests */,
				180D9A9C22BD4E450061B8D2 /* ToDoListProjectUITests */,
				180D9A7822BD4E440061B8D2 /* Products */,
			);
			sourceTree = "<group>";
		};
		180D9A7822BD4E440061B8D2 /* Products */ = {
			isa = PBXGroup;
			children = (
				180D9A7722BD4E440061B8D2 /* ToDoListProject.app */,
				180D9A8E22BD4E450061B8D2 /* ToDoListProjectTests.xctest */,
				180D9A9922BD4E450061B8D2 /* ToDoListProjectUITests.xctest */,
			);
			name = Products;
			sourceTree = "<group>";
		};
		180D9A7922BD4E440061B8D2 /* ToDoListProject */ = {
			isa = PBXGroup;
			children = (
				180D9A7A22BD4E440061B8D2 /* AppDelegate.swift */,
				180D9A7E22BD4E440061B8D2 /* Main.storyboard */,
				180D9A8422BD4E450061B8D2 /* Assets.xcassets */,
				180D9A8622BD4E450061B8D2 /* LaunchScreen.storyboard */,
				180D9A8922BD4E450061B8D2 /* Info.plist */,
				180D9A8122BD4E440061B8D2 /* ToDoListProject.xcdatamodeld */,
			);
			path = ToDoListProject;
			sourceTree = "<group>";
		};
		180D9A9122BD4E450061B8D2 /* ToDoListProjectTests */ = {
			isa = PBXGroup;
			children = (
				180D9A9222BD4E450061B8D2 /* ToDoListProjectTests.swift */,
				180D9A9422BD4E450061B8D2 /* Info.plist */,
			);
			path = ToDoListProjectTests;
			sourceTree = "<group>";
		};
		180D9A9C22BD4E450061B8D2 /* ToDoListProjectUITests */ = {
			isa = PBXGroup;
			children = (
				180D9A9D22BD4E450061B8D2 /* ToDoListProjectUITests.swift */,
				180D9A9F22BD4E450061B8D2 /* Info.plist */,
			);
			path = ToDoListProjectUITests;
			sourceTree = "<group>";
		};
/* End PBXGroup section */

/* Begin PBXNativeTarget section */
		180D9A7622BD4E440061B8D2 /* ToDoListProject */ = {
			isa = PBXNativeTarget;
			buildConfigurationList = 180D9AA222BD4E450061B8D2 /* Build configuration list for PBXNativeTarget "ToDoListProject" */;
			buildPhases = (
				180D9A7322BD4E440061B8D2 /* Sources */,
				180D9A7422BD4E440061B8D2 /* Frameworks */,
				180D9A7522BD4E440061B8D2 /* Resources */,
			);
			buildRules = (
			);
			dependencies = (
			);
			name = ToDoListProject;
			productName = ToDoListProject;
			productReference = 180D9A7722BD4E440061B8D2 /* ToDoListProject.app */;
			productType = "com.apple.product-type.application";
		};
		180D9A8D22BD4E450061B8D2 /* ToDoListProjectTests */ = {
			isa = PBXNativeTarget;
			buildConfigurationList = 180D9AA522BD4E450061B8D2 /* Build configuration list for PBXNativeTarget "ToDoListProjectTests" */;
			buildPhases = (
				180D9A8A22BD4E450061B8D2 /* Sources */,
				180D9A8B22BD4E450061B8D2 /* Frameworks */,
				180D9A8C22BD4E450061B8D2 /* Resources */,
			);
			buildRules = (
			);
			dependencies = (
				180D9A9022BD4E450061B8D2 /* PBXTargetDependency */,
			);
			name = ToDoListProjectTests;
			productName = ToDoListProjectTests;
			productReference = 180D9A8E22BD4E450061B8D2 /* ToDoListProjectTests.xctest */;
			productType = "com.apple.product-type.bundle.unit-test";
		};
		180D9A9822BD4E450061B8D2 /* ToDoListProjectUITests */ = {
			isa = PBXNativeTarget;
			buildConfigurationList = 180D9AA822BD4E450061B8D2 /* Build configuration list for PBXNativeTarget "ToDoListProjectUITests" */;
			buildPhases = (
				180D9A9522BD4E450061B8D2 /* Sources */,
				180D9A9622BD4E450061B8D2 /* Frameworks */,
				180D9A9722BD4E450061B8D2 /* Resources */,
			);
			buildRules = (
			);
			dependencies = (
				180D9A9B22BD4E450061B8D2 /* PBXTargetDependency */,
			);
			name = ToDoListProjectUITests;
			productName = ToDoListProjectUITests;
			productReference = 180D9A9922BD4E450061B8D2 /* ToDoListProjectUITests.xctest */;
			productType = "com.apple.product-type.bundle.ui-testing";
		};
/* End PBXNativeTarget section */

/* Begin PBXProject section */
		180D9A6F22BD4E440061B8D2 /* Project object */ = {
			isa = PBXProject;
			attributes = {
				LastSwiftUpdateCheck = 1020;
				LastUpgradeCheck = 1020;
				ORGANIZATIONNAME = Apple;
				TargetAttributes = {
					180D9A7622BD4E440061B8D2 = {
						CreatedOnToolsVersion = 10.2.1;
					};
					180D9A8D22BD4E450061B8D2 = {
						CreatedOnToolsVersion = 10.2.1;
						TestTargetID = 180D9A7622BD4E440061B8D2;
					};
					180D9A9822BD4E450061B8D2 = {
						CreatedOnToolsVersion = 10.2.1;
						TestTargetID = 180D9A7622BD4E440061B8D2;
					};
				};
			};
			buildConfigurationList = 180D9A7222BD4E440061B8D2 /* Build configuration list for PBXProject "ToDoListProject" */;
			compatibilityVersion = "Xcode 9.3";
			developmentRegion = en;
			hasScannedForEncodings = 0;
			knownRegions = (
				en,
				Base,
			);
			mainGroup = 180D9A6E22BD4E440061B8D2;
			productRefGroup = 180D9A7822BD4E440061B8D2 /* Products */;
			projectDirPath = "";
			projectRoot = "";
			targets = (
				180D9A7622BD4E440061B8D2 /* ToDoListProject */,
				180D9A8D22BD4E450061B8D2 /* ToDoListProjectTests */,
				180D9A9822BD4E450061B8D2 /* ToDoListProjectUITests */,
			);
		};
/* End PBXProject section */

/* Begin PBXResourcesBuildPhase section */
		180D9A7522BD4E440061B8D2 /* Resources */ = {
			isa = PBXResourcesBuildPhase;
			buildActionMask = 2147483647;
			files = (
				180D9A8822BD4E450061B8D2 /* LaunchScreen.storyboard in Resources */,
				180D9A8522BD4E450061B8D2 /* Assets.xcassets in Resources */,
				180D9A8022BD4E440061B8D2 /* Main.storyboard in Resources */,
			);
			runOnlyForDeploymentPostprocessing = 0;
		};
		180D9A8C22BD4E450061B8D2 /* Resources */ = {
			isa = PBXResourcesBuildPhase;
			buildActionMask = 2147483647;
			files = (
			);
			runOnlyForDeploymentPostprocessing = 0;
		};
		180D9A9722BD4E450061B8D2 /* Resources */ = {
			isa = PBXResourcesBuildPhase;
			buildActionMask = 2147483647;
			files = (
			);
			runOnlyForDeploymentPostprocessing = 0;
		};
/* End PBXResourcesBuildPhase section */

/* Begin PBXSourcesBuildPhase section */
		180D9A7322BD4E440061B8D2 /* Sources */ = {
			isa = PBXSourcesBuildPhase;
			buildActionMask = 2147483647;
			files = (
				180D9A8322BD4E440061B8D2 /* ToDoListProject.xcdatamodeld in Sources */,
				180D9AAE22BD52770061B8D2 /* TableViewController.swift in Sources */,
				180D9A7B22BD4E440061B8D2 /* AppDelegate.swift in Sources */,
				180D9AB022BD53110061B8D2 /* ToDo.swift in Sources */,
			);
			runOnlyForDeploymentPostprocessing = 0;
		};
		180D9A8A22BD4E450061B8D2 /* Sources */ = {
			isa = PBXSourcesBuildPhase;
			buildActionMask = 2147483647;
			files = (
				180D9A9322BD4E450061B8D2 /* ToDoListProjectTests.swift in Sources */,
			);
			runOnlyForDeploymentPostprocessing = 0;
		};
		180D9A9522BD4E450061B8D2 /* Sources */ = {
			isa = PBXSourcesBuildPhase;
			buildActionMask = 2147483647;
			files = (
				180D9A9E22BD4E450061B8D2 /* ToDoListProjectUITests.swift in Sources */,
			);
			runOnlyForDeploymentPostprocessing = 0;
		};
/* End PBXSourcesBuildPhase section */

/* Begin PBXTargetDependency section */
		180D9A9022BD4E450061B8D2 /* PBXTargetDependency */ = {
			isa = PBXTargetDependency;
			target = 180D9A7622BD4E440061B8D2 /* ToDoListProject */;
			targetProxy = 180D9A8F22BD4E450061B8D2 /* PBXContainerItemProxy */;
		};
		180D9A9B22BD4E450061B8D2 /* PBXTargetDependency */ = {
			isa = PBXTargetDependency;
			target = 180D9A7622BD4E440061B8D2 /* ToDoListProject */;
			targetProxy = 180D9A9A22BD4E450061B8D2 /* PBXContainerItemProxy */;
		};
/* End PBXTargetDependency section */

/* Begin PBXVariantGroup section */
		180D9A7E22BD4E440061B8D2 /* Main.storyboard */ = {
			isa = PBXVariantGroup;
			children = (
				180D9A7F22BD4E440061B8D2 /* Base */,
			);
			name = Main.storyboard;
			sourceTree = "<group>";
		};
		180D9A8622BD4E450061B8D2 /* LaunchScreen.storyboard */ = {
			isa = PBXVariantGroup;
			children = (
				180D9A8722BD4E450061B8D2 /* Base */,
			);
			name = LaunchScreen.storyboard;
			sourceTree = "<group>";
		};
/* End PBXVariantGroup section */

/* Begin XCBuildConfiguration section */
		180D9AA022BD4E450061B8D2 /* Debug */ = {
			isa = XCBuildConfiguration;
			buildSettings = {
				ALWAYS_SEARCH_USER_PATHS = NO;
				CLANG_ANALYZER_NONNULL = YES;
				CLANG_ANALYZER_NUMBER_OBJECT_CONVERSION = YES_AGGRESSIVE;
				CLANG_CXX_LANGUAGE_STANDARD = "gnu++14";
				CLANG_CXX_LIBRARY = "libc++";
				CLANG_ENABLE_MODULES = YES;
				CLANG_ENABLE_OBJC_ARC = YES;
				CLANG_ENABLE_OBJC_WEAK = YES;
				CLANG_WARN_BLOCK_CAPTURE_AUTORELEASING = YES;
				CLANG_WARN_BOOL_CONVERSION = YES;
				CLANG_WARN_COMMA = YES;
				CLANG_WARN_CONSTANT_CONVERSION = YES;
				CLANG_WARN_DEPRECATED_OBJC_IMPLEMENTATIONS = YES;
				CLANG_WARN_DIRECT_OBJC_ISA_USAGE = YES_ERROR;
				CLANG_WARN_DOCUMENTATION_COMMENTS = YES;
				CLANG_WARN_EMPTY_BODY = YES;
				CLANG_WARN_ENUM_CONVERSION = YES;
				CLANG_WARN_INFINITE_RECURSION = YES;
				CLANG_WARN_INT_CONVERSION = YES;
				CLANG_WARN_NON_LITERAL_NULL_CONVERSION = YES;
				CLANG_WARN_OBJC_IMPLICIT_RETAIN_SELF = YES;
				CLANG_WARN_OBJC_LITERAL_CONVERSION = YES;
				CLANG_WARN_OBJC_ROOT_CLASS = YES_ERROR;
				CLANG_WARN_RANGE_LOOP_ANALYSIS = YES;
				CLANG_WARN_STRICT_PROTOTYPES = YES;
				CLANG_WARN_SUSPICIOUS_MOVE = YES;
				CLANG_WARN_UNGUARDED_AVAILABILITY = YES_AGGRESSIVE;
				CLANG_WARN_UNREACHABLE_CODE = YES;
				CLANG_WARN__DUPLICATE_METHOD_MATCH = YES;
				CODE_SIGN_IDENTITY = "iPhone Developer";
				COPY_PHASE_STRIP = NO;
				DEBUG_INFORMATION_FORMAT = dwarf;
				ENABLE_STRICT_OBJC_MSGSEND = YES;
				ENABLE_TESTABILITY = YES;
				GCC_C_LANGUAGE_STANDARD = gnu11;
				GCC_DYNAMIC_NO_PIC = NO;
				GCC_NO_COMMON_BLOCKS = YES;
				GCC_OPTIMIZATION_LEVEL = 0;
				GCC_PREPROCESSOR_DEFINITIONS = (
					"DEBUG=1",
					"$(inherited)",
				);
				GCC_WARN_64_TO_32_BIT_CONVERSION = YES;
				GCC_WARN_ABOUT_RETURN_TYPE = YES_ERROR;
				GCC_WARN_UNDECLARED_SELECTOR = YES;
				GCC_WARN_UNINITIALIZED_AUTOS = YES_AGGRESSIVE;
				GCC_WARN_UNUSED_FUNCTION = YES;
				GCC_WARN_UNUSED_VARIABLE = YES;
				IPHONEOS_DEPLOYMENT_TARGET = 12.2;
				MTL_ENABLE_DEBUG_INFO = INCLUDE_SOURCE;
				MTL_FAST_MATH = YES;
				ONLY_ACTIVE_ARCH = YES;
				SDKROOT = iphoneos;
				SWIFT_ACTIVE_COMPILATION_CONDITIONS = DEBUG;
				SWIFT_OPTIMIZATION_LEVEL = "-Onone";
			};
			name = Debug;
		};
		180D9AA122BD4E450061B8D2 /* Release */ = {
			isa = XCBuildConfiguration;
			buildSettings = {
				ALWAYS_SEARCH_USER_PATHS = NO;
				CLANG_ANALYZER_NONNULL = YES;
				CLANG_ANALYZER_NUMBER_OBJECT_CONVERSION = YES_AGGRESSIVE;
				CLANG_CXX_LANGUAGE_STANDARD = "gnu++14";
				CLANG_CXX_LIBRARY = "libc++";
				CLANG_ENABLE_MODULES = YES;
				CLANG_ENABLE_OBJC_ARC = YES;
				CLANG_ENABLE_OBJC_WEAK = YES;
				CLANG_WARN_BLOCK_CAPTURE_AUTORELEASING = YES;
				CLANG_WARN_BOOL_CONVERSION = YES;
				CLANG_WARN_COMMA = YES;
				CLANG_WARN_CONSTANT_CONVERSION = YES;
				CLANG_WARN_DEPRECATED_OBJC_IMPLEMENTATIONS = YES;
				CLANG_WARN_DIRECT_OBJC_ISA_USAGE = YES_ERROR;
				CLANG_WARN_DOCUMENTATION_COMMENTS = YES;
				CLANG_WARN_EMPTY_BODY = YES;
				CLANG_WARN_ENUM_CONVERSION = YES;
				CLANG_WARN_INFINITE_RECURSION = YES;
				CLANG_WARN_INT_CONVERSION = YES;
				CLANG_WARN_NON_LITERAL_NULL_CONVERSION = YES;
				CLANG_WARN_OBJC_IMPLICIT_RETAIN_SELF = YES;
				CLANG_WARN_OBJC_LITERAL_CONVERSION = YES;
				CLANG_WARN_OBJC_ROOT_CLASS = YES_ERROR;
				CLANG_WARN_RANGE_LOOP_ANALYSIS = YES;
				CLANG_WARN_STRICT_PROTOTYPES = YES;
				CLANG_WARN_SUSPICIOUS_MOVE = YES;
				CLANG_WARN_UNGUARDED_AVAILABILITY = YES_AGGRESSIVE;
				CLANG_WARN_UNREACHABLE_CODE = YES;
				CLANG_WARN__DUPLICATE_METHOD_MATCH = YES;
				CODE_SIGN_IDENTITY = "iPhone Developer";
				COPY_PHASE_STRIP = NO;
				DEBUG_INFORMATION_FORMAT = "dwarf-with-dsym";
				ENABLE_NS_ASSERTIONS = NO;
				ENABLE_STRICT_OBJC_MSGSEND = YES;
				GCC_C_LANGUAGE_STANDARD = gnu11;
				GCC_NO_COMMON_BLOCKS = YES;
				GCC_WARN_64_TO_32_BIT_CONVERSION = YES;
				GCC_WARN_ABOUT_RETURN_TYPE = YES_ERROR;
				GCC_WARN_UNDECLARED_SELECTOR = YES;
				GCC_WARN_UNINITIALIZED_AUTOS = YES_AGGRESSIVE;
				GCC_WARN_UNUSED_FUNCTION = YES;
				GCC_WARN_UNUSED_VARIABLE = YES;
				IPHONEOS_DEPLOYMENT_TARGET = 12.2;
				MTL_ENABLE_DEBUG_INFO = NO;
				MTL_FAST_MATH = YES;
				SDKROOT = iphoneos;
				SWIFT_COMPILATION_MODE = wholemodule;
				SWIFT_OPTIMIZATION_LEVEL = "-O";
				VALIDATE_PRODUCT = YES;
			};
			name = Release;
		};
		180D9AA322BD4E450061B8D2 /* Debug */ = {
			isa = XCBuildConfiguration;
			buildSettings = {
				ASSETCATALOG_COMPILER_APPICON_NAME = AppIcon;
				CODE_SIGN_STYLE = Automatic;
				DEVELOPMENT_TEAM = W24MSML9TF;
				INFOPLIST_FILE = ToDoListProject/Info.plist;
				LD_RUNPATH_SEARCH_PATHS = (
					"$(inherited)",
					"@executable_path/Frameworks",
				);
				PRODUCT_BUNDLE_IDENTIFIER = "Grace-Govan.ToDoListProject";
				PRODUCT_NAME = "$(TARGET_NAME)";
				SWIFT_VERSION = 5.0;
				TARGETED_DEVICE_FAMILY = "1,2";
			};
			name = Debug;
		};
		180D9AA422BD4E450061B8D2 /* Release */ = {
			isa = XCBuildConfiguration;
			buildSettings = {
				ASSETCATALOG_COMPILER_APPICON_NAME = AppIcon;
				CODE_SIGN_STYLE = Automatic;
				DEVELOPMENT_TEAM = W24MSML9TF;
				INFOPLIST_FILE = ToDoListProject/Info.plist;
				LD_RUNPATH_SEARCH_PATHS = (
					"$(inherited)",
					"@executable_path/Frameworks",
				);
				PRODUCT_BUNDLE_IDENTIFIER = "Grace-Govan.ToDoListProject";
				PRODUCT_NAME = "$(TARGET_NAME)";
				SWIFT_VERSION = 5.0;
				TARGETED_DEVICE_FAMILY = "1,2";
			};
			name = Release;
		};
		180D9AA622BD4E450061B8D2 /* Debug */ = {
			isa = XCBuildConfiguration;
			buildSettings = {
				ALWAYS_EMBED_SWIFT_STANDARD_LIBRARIES = YES;
				BUNDLE_LOADER = "$(TEST_HOST)";
				CODE_SIGN_STYLE = Automatic;
				INFOPLIST_FILE = ToDoListProjectTests/Info.plist;
				LD_RUNPATH_SEARCH_PATHS = (
					"$(inherited)",
					"@executable_path/Frameworks",
					"@loader_path/Frameworks",
				);
				PRODUCT_BUNDLE_IDENTIFIER = "Grace-Govan.ToDoListProjectTests";
				PRODUCT_NAME = "$(TARGET_NAME)";
				SWIFT_VERSION = 5.0;
				TARGETED_DEVICE_FAMILY = "1,2";
				TEST_HOST = "$(BUILT_PRODUCTS_DIR)/ToDoListProject.app/ToDoListProject";
			};
			name = Debug;
		};
		180D9AA722BD4E450061B8D2 /* Release */ = {
			isa = XCBuildConfiguration;
			buildSettings = {
				ALWAYS_EMBED_SWIFT_STANDARD_LIBRARIES = YES;
				BUNDLE_LOADER = "$(TEST_HOST)";
				CODE_SIGN_STYLE = Automatic;
				INFOPLIST_FILE = ToDoListProjectTests/Info.plist;
				LD_RUNPATH_SEARCH_PATHS = (
					"$(inherited)",
					"@executable_path/Frameworks",
					"@loader_path/Frameworks",
				);
				PRODUCT_BUNDLE_IDENTIFIER = "Grace-Govan.ToDoListProjectTests";
				PRODUCT_NAME = "$(TARGET_NAME)";
				SWIFT_VERSION = 5.0;
				TARGETED_DEVICE_FAMILY = "1,2";
				TEST_HOST = "$(BUILT_PRODUCTS_DIR)/ToDoListProject.app/ToDoListProject";
			};
			name = Release;
		};
		180D9AA922BD4E450061B8D2 /* Debug */ = {
			isa = XCBuildConfiguration;
			buildSettings = {
				ALWAYS_EMBED_SWIFT_STANDARD_LIBRARIES = YES;
				CODE_SIGN_STYLE = Automatic;
				INFOPLIST_FILE = ToDoListProjectUITests/Info.plist;
				LD_RUNPATH_SEARCH_PATHS = (
					"$(inherited)",
					"@executable_path/Frameworks",
					"@loader_path/Frameworks",
				);
				PRODUCT_BUNDLE_IDENTIFIER = "Grace-Govan.ToDoListProjectUITests";
				PRODUCT_NAME = "$(TARGET_NAME)";
				SWIFT_VERSION = 5.0;
				TARGETED_DEVICE_FAMILY = "1,2";
				TEST_TARGET_NAME = ToDoListProject;
			};
			name = Debug;
		};
		180D9AAA22BD4E450061B8D2 /* Release */ = {
			isa = XCBuildConfiguration;
			buildSettings = {
				ALWAYS_EMBED_SWIFT_STANDARD_LIBRARIES = YES;
				CODE_SIGN_STYLE = Automatic;
				INFOPLIST_FILE = ToDoListProjectUITests/Info.plist;
				LD_RUNPATH_SEARCH_PATHS = (
					"$(inherited)",
					"@executable_path/Frameworks",
					"@loader_path/Frameworks",
				);
				PRODUCT_BUNDLE_IDENTIFIER = "Grace-Govan.ToDoListProjectUITests";
				PRODUCT_NAME = "$(TARGET_NAME)";
				SWIFT_VERSION = 5.0;
				TARGETED_DEVICE_FAMILY = "1,2";
				TEST_TARGET_NAME = ToDoListProject;
			};
			name = Release;
		};
/* End XCBuildConfiguration section */

/* Begin XCConfigurationList section */
		180D9A7222BD4E440061B8D2 /* Build configuration list for PBXProject "ToDoListProject" */ = {
			isa = XCConfigurationList;
			buildConfigurations = (
				180D9AA022BD4E450061B8D2 /* Debug */,
				180D9AA122BD4E450061B8D2 /* Release */,
			);
			defaultConfigurationIsVisible = 0;
			defaultConfigurationName = Release;
		};
		180D9AA222BD4E450061B8D2 /* Build configuration list for PBXNativeTarget "ToDoListProject" */ = {
			isa = XCConfigurationList;
			buildConfigurations = (
				180D9AA322BD4E450061B8D2 /* Debug */,
				180D9AA422BD4E450061B8D2 /* Release */,
			);
			defaultConfigurationIsVisible = 0;
			defaultConfigurationName = Release;
		};
		180D9AA522BD4E450061B8D2 /* Build configuration list for PBXNativeTarget "ToDoListProjectTests" */ = {
			isa = XCConfigurationList;
			buildConfigurations = (
				180D9AA622BD4E450061B8D2 /* Debug */,
				180D9AA722BD4E450061B8D2 /* Release */,
			);
			defaultConfigurationIsVisible = 0;
			defaultConfigurationName = Release;
		};
		180D9AA822BD4E450061B8D2 /* Build configuration list for PBXNativeTarget "ToDoListProjectUITests" */ = {
			isa = XCConfigurationList;
			buildConfigurations = (
				180D9AA922BD4E450061B8D2 /* Debug */,
				180D9AAA22BD4E450061B8D2 /* Release */,
			);
			defaultConfigurationIsVisible = 0;
			defaultConfigurationName = Release;
		};
/* End XCConfigurationList section */

/* Begin XCVersionGroup section */
		180D9A8122BD4E440061B8D2 /* ToDoListProject.xcdatamodeld */ = {
			isa = XCVersionGroup;
			children = (
				180D9A8222BD4E440061B8D2 /* ToDoListProject.xcdatamodel */,
			);
			currentVersion = 180D9A8222BD4E440061B8D2 /* ToDoListProject.xcdatamodel */;
			path = ToDoListProject.xcdatamodeld;
			sourceTree = "<group>";
			versionGroupType = wrapper.xcdatamodel;
		};
/* End XCVersionGroup section */
	};
	rootObject = 180D9A6F22BD4E440061B8D2 /* Project object */;
}
